// !$*UTF8*$!
{
	archiveVersion = 1;
	classes = {
	};
	objectVersion = 56;
	objects = {

/* Begin PBXBuildFile section */
		1079D4542C30B5CC008C47F5 /* Task.swift in Sources */ = {isa = PBXBuildFile; fileRef = 1079D4532C30B5CC008C47F5 /* Task.swift */; };
		1079D4562C30B72B008C47F5 /* ListManager.swift in Sources */ = {isa = PBXBuildFile; fileRef = 1079D4552C30B72B008C47F5 /* ListManager.swift */; };
		1079D4582C30B964008C47F5 /* TaskView.swift in Sources */ = {isa = PBXBuildFile; fileRef = 1079D4572C30B964008C47F5 /* TaskView.swift */; };
		1079D45A2C30BC5A008C47F5 /* NewTaskView.swift in Sources */ = {isa = PBXBuildFile; fileRef = 1079D4592C30BC5A008C47F5 /* NewTaskView.swift */; };
		10D9B2442C2BB0D5004E32CB /* todo_appApp.swift in Sources */ = {isa = PBXBuildFile; fileRef = 10D9B2432C2BB0D5004E32CB /* todo_appApp.swift */; };
		10D9B2462C2BB0D5004E32CB /* ContentView.swift in Sources */ = {isa = PBXBuildFile; fileRef = 10D9B2452C2BB0D5004E32CB /* ContentView.swift */; };
		10D9B2482C2BB0D7004E32CB /* Assets.xcassets in Resources */ = {isa = PBXBuildFile; fileRef = 10D9B2472C2BB0D7004E32CB /* Assets.xcassets */; };
		10D9B24B2C2BB0D7004E32CB /* Preview Assets.xcassets in Resources */ = {isa = PBXBuildFile; fileRef = 10D9B24A2C2BB0D7004E32CB /* Preview Assets.xcassets */; };
		10D9B2552C2BB0D8004E32CB /* todo_appTests.swift in Sources */ = {isa = PBXBuildFile; fileRef = 10D9B2542C2BB0D8004E32CB /* todo_appTests.swift */; };
		10D9B25F2C2BB0D8004E32CB /* todo_appUITests.swift in Sources */ = {isa = PBXBuildFile; fileRef = 10D9B25E2C2BB0D8004E32CB /* todo_appUITests.swift */; };
		10D9B2612C2BB0D8004E32CB /* todo_appUITestsLaunchTests.swift in Sources */ = {isa = PBXBuildFile; fileRef = 10D9B2602C2BB0D8004E32CB /* todo_appUITestsLaunchTests.swift */; };
/* End PBXBuildFile section */

/* Begin PBXContainerItemProxy section */
		10D9B2512C2BB0D8004E32CB /* PBXContainerItemProxy */ = {
			isa = PBXContainerItemProxy;
			containerPortal = 10D9B2382C2BB0D5004E32CB /* Project object */;
			proxyType = 1;
			remoteGlobalIDString = 10D9B23F2C2BB0D5004E32CB;
			remoteInfo = todo_app;
		};
		10D9B25B2C2BB0D8004E32CB /* PBXContainerItemProxy */ = {
			isa = PBXContainerItemProxy;
			containerPortal = 10D9B2382C2BB0D5004E32CB /* Project object */;
			proxyType = 1;
			remoteGlobalIDString = 10D9B23F2C2BB0D5004E32CB;
			remoteInfo = todo_app;
		};
/* End PBXContainerItemProxy section */

/* Begin PBXFileReference section */
		1079D4532C30B5CC008C47F5 /* Task.swift */ = {isa = PBXFileReference; lastKnownFileType = sourcecode.swift; path = Task.swift; sourceTree = "<group>"; };
		1079D4552C30B72B008C47F5 /* ListManager.swift */ = {isa = PBXFileReference; lastKnownFileType = sourcecode.swift; path = ListManager.swift; sourceTree = "<group>"; };
		1079D4572C30B964008C47F5 /* TaskView.swift */ = {isa = PBXFileReference; lastKnownFileType = sourcecode.swift; path = TaskView.swift; sourceTree = "<group>"; };
		1079D4592C30BC5A008C47F5 /* NewTaskView.swift */ = {isa = PBXFileReference; lastKnownFileType = sourcecode.swift; path = NewTaskView.swift; sourceTree = "<group>"; };
		10D9B2402C2BB0D5004E32CB /* todo_app.app */ = {isa = PBXFileReference; explicitFileType = wrapper.application; includeInIndex = 0; path = todo_app.app; sourceTree = BUILT_PRODUCTS_DIR; };
		10D9B2432C2BB0D5004E32CB /* todo_appApp.swift */ = {isa = PBXFileReference; lastKnownFileType = sourcecode.swift; path = todo_appApp.swift; sourceTree = "<group>"; };
		10D9B2452C2BB0D5004E32CB /* ContentView.swift */ = {isa = PBXFileReference; lastKnownFileType = sourcecode.swift; path = ContentView.swift; sourceTree = "<group>"; };
		10D9B2472C2BB0D7004E32CB /* Assets.xcassets */ = {isa = PBXFileReference; lastKnownFileType = folder.assetcatalog; path = Assets.xcassets; sourceTree = "<group>"; };
		10D9B24A2C2BB0D7004E32CB /* Preview Assets.xcassets */ = {isa = PBXFileReference; lastKnownFileType = folder.assetcatalog; path = "Preview Assets.xcassets"; sourceTree = "<group>"; };
		10D9B2502C2BB0D8004E32CB /* todo_appTests.xctest */ = {isa = PBXFileReference; explicitFileType = wrapper.cfbundle; includeInIndex = 0; path = todo_appTests.xctest; sourceTree = BUILT_PRODUCTS_DIR; };
		10D9B2542C2BB0D8004E32CB /* todo_appTests.swift */ = {isa = PBXFileReference; lastKnownFileType = sourcecode.swift; path = todo_appTests.swift; sourceTree = "<group>"; };
		10D9B25A2C2BB0D8004E32CB /* todo_appUITests.xctest */ = {isa = PBXFileReference; explicitFileType = wrapper.cfbundle; includeInIndex = 0; path = todo_appUITests.xctest; sourceTree = BUILT_PRODUCTS_DIR; };
		10D9B25E2C2BB0D8004E32CB /* todo_appUITests.swift */ = {isa = PBXFileReference; lastKnownFileType = sourcecode.swift; path = todo_appUITests.swift; sourceTree = "<group>"; };
		10D9B2602C2BB0D8004E32CB /* todo_appUITestsLaunchTests.swift */ = {isa = PBXFileReference; lastKnownFileType = sourcecode.swift; path = todo_appUITestsLaunchTests.swift; sourceTree = "<group>"; };
/* End PBXFileReference section */

/* Begin PBXFrameworksBuildPhase section */
		10D9B23D2C2BB0D5004E32CB /* Frameworks */ = {
			isa = PBXFrameworksBuildPhase;
			buildActionMask = 2147483647;
			files = (
			);
			runOnlyForDeploymentPostprocessing = 0;
		};
		10D9B24D2C2BB0D8004E32CB /* Frameworks */ = {
			isa = PBXFrameworksBuildPhase;
			buildActionMask = 2147483647;
			files = (
			);
			runOnlyForDeploymentPostprocessing = 0;
		};
		10D9B2572C2BB0D8004E32CB /* Frameworks */ = {
			isa = PBXFrameworksBuildPhase;
			buildActionMask = 2147483647;
			files = (
			);
			runOnlyForDeploymentPostprocessing = 0;
		};
/* End PBXFrameworksBuildPhase section */

/* Begin PBXGroup section */
		10D9B2372C2BB0D5004E32CB = {
			isa = PBXGroup;
			children = (
				10D9B2422C2BB0D5004E32CB /* todo_app */,
				10D9B2532C2BB0D8004E32CB /* todo_appTests */,
				10D9B25D2C2BB0D8004E32CB /* todo_appUITests */,
				10D9B2412C2BB0D5004E32CB /* Products */,
			);
			sourceTree = "<group>";
		};
		10D9B2412C2BB0D5004E32CB /* Products */ = {
			isa = PBXGroup;
			children = (
				10D9B2402C2BB0D5004E32CB /* todo_app.app */,
				10D9B2502C2BB0D8004E32CB /* todo_appTests.xctest */,
				10D9B25A2C2BB0D8004E32CB /* todo_appUITests.xctest */,
			);
			name = Products;
			sourceTree = "<group>";
		};
		10D9B2422C2BB0D5004E32CB /* todo_app */ = {
			isa = PBXGroup;
			children = (
				1079D4572C30B964008C47F5 /* TaskView.swift */,
				10D9B2432C2BB0D5004E32CB /* todo_appApp.swift */,
				10D9B2452C2BB0D5004E32CB /* ContentView.swift */,
				1079D4552C30B72B008C47F5 /* ListManager.swift */,
				1079D4532C30B5CC008C47F5 /* Task.swift */,
				10D9B2472C2BB0D7004E32CB /* Assets.xcassets */,
				10D9B2492C2BB0D7004E32CB /* Preview Content */,
				1079D4592C30BC5A008C47F5 /* NewTaskView.swift */,
			);
			path = todo_app;
			sourceTree = "<group>";
		};
		10D9B2492C2BB0D7004E32CB /* Preview Content */ = {
			isa = PBXGroup;
			children = (
				10D9B24A2C2BB0D7004E32CB /* Preview Assets.xcassets */,
			);
			path = "Preview Content";
			sourceTree = "<group>";
		};
		10D9B2532C2BB0D8004E32CB /* todo_appTests */ = {
			isa = PBXGroup;
			children = (
				10D9B2542C2BB0D8004E32CB /* todo_appTests.swift */,
			);
			path = todo_appTests;
			sourceTree = "<group>";
		};
		10D9B25D2C2BB0D8004E32CB /* todo_appUITests */ = {
			isa = PBXGroup;
			children = (
				10D9B25E2C2BB0D8004E32CB /* todo_appUITests.swift */,
				10D9B2602C2BB0D8004E32CB /* todo_appUITestsLaunchTests.swift */,
			);
			path = todo_appUITests;
			sourceTree = "<group>";
		};
/* End PBXGroup section */

/* Begin PBXNativeTarget section */
		10D9B23F2C2BB0D5004E32CB /* todo_app */ = {
			isa = PBXNativeTarget;
			buildConfigurationList = 10D9B2642C2BB0D8004E32CB /* Build configuration list for PBXNativeTarget "todo_app" */;
			buildPhases = (
				10D9B23C2C2BB0D5004E32CB /* Sources */,
				10D9B23D2C2BB0D5004E32CB /* Frameworks */,
				10D9B23E2C2BB0D5004E32CB /* Resources */,
			);
			buildRules = (
			);
			dependencies = (
			);
			name = todo_app;
			productName = todo_app;
			productReference = 10D9B2402C2BB0D5004E32CB /* todo_app.app */;
			productType = "com.apple.product-type.application";
		};
		10D9B24F2C2BB0D8004E32CB /* todo_appTests */ = {
			isa = PBXNativeTarget;
			buildConfigurationList = 10D9B2672C2BB0D8004E32CB /* Build configuration list for PBXNativeTarget "todo_appTests" */;
			buildPhases = (
				10D9B24C2C2BB0D8004E32CB /* Sources */,
				10D9B24D2C2BB0D8004E32CB /* Frameworks */,
				10D9B24E2C2BB0D8004E32CB /* Resources */,
			);
			buildRules = (
			);
			dependencies = (
				10D9B2522C2BB0D8004E32CB /* PBXTargetDependency */,
			);
			name = todo_appTests;
			productName = todo_appTests;
			productReference = 10D9B2502C2BB0D8004E32CB /* todo_appTests.xctest */;
			productType = "com.apple.product-type.bundle.unit-test";
		};
		10D9B2592C2BB0D8004E32CB /* todo_appUITests */ = {
			isa = PBXNativeTarget;
			buildConfigurationList = 10D9B26A2C2BB0D8004E32CB /* Build configuration list for PBXNativeTarget "todo_appUITests" */;
			buildPhases = (
				10D9B2562C2BB0D8004E32CB /* Sources */,
				10D9B2572C2BB0D8004E32CB /* Frameworks */,
				10D9B2582C2BB0D8004E32CB /* Resources */,
			);
			buildRules = (
			);
			dependencies = (
				10D9B25C2C2BB0D8004E32CB /* PBXTargetDependency */,
			);
			name = todo_appUITests;
			productName = todo_appUITests;
			productReference = 10D9B25A2C2BB0D8004E32CB /* todo_appUITests.xctest */;
			productType = "com.apple.product-type.bundle.ui-testing";
		};
/* End PBXNativeTarget section */

/* Begin PBXProject section */
		10D9B2382C2BB0D5004E32CB /* Project object */ = {
			isa = PBXProject;
			attributes = {
				BuildIndependentTargetsInParallel = 1;
				LastSwiftUpdateCheck = 1510;
				LastUpgradeCheck = 1510;
				TargetAttributes = {
					10D9B23F2C2BB0D5004E32CB = {
						CreatedOnToolsVersion = 15.1;
					};
					10D9B24F2C2BB0D8004E32CB = {
						CreatedOnToolsVersion = 15.1;
						TestTargetID = 10D9B23F2C2BB0D5004E32CB;
					};
					10D9B2592C2BB0D8004E32CB = {
						CreatedOnToolsVersion = 15.1;
						TestTargetID = 10D9B23F2C2BB0D5004E32CB;
					};
				};
			};
			buildConfigurationList = 10D9B23B2C2BB0D5004E32CB /* Build configuration list for PBXProject "todo_app" */;
			compatibilityVersion = "Xcode 14.0";
			developmentRegion = en;
			hasScannedForEncodings = 0;
			knownRegions = (
				en,
				Base,
			);
			mainGroup = 10D9B2372C2BB0D5004E32CB;
			productRefGroup = 10D9B2412C2BB0D5004E32CB /* Products */;
			projectDirPath = "";
			projectRoot = "";
			targets = (
				10D9B23F2C2BB0D5004E32CB /* todo_app */,
				10D9B24F2C2BB0D8004E32CB /* todo_appTests */,
				10D9B2592C2BB0D8004E32CB /* todo_appUITests */,
			);
		};
/* End PBXProject section */

/* Begin PBXResourcesBuildPhase section */
		10D9B23E2C2BB0D5004E32CB /* Resources */ = {
			isa = PBXResourcesBuildPhase;
			buildActionMask = 2147483647;
			files = (
				10D9B24B2C2BB0D7004E32CB /* Preview Assets.xcassets in Resources */,
				10D9B2482C2BB0D7004E32CB /* Assets.xcassets in Resources */,
			);
			runOnlyForDeploymentPostprocessing = 0;
		};
		10D9B24E2C2BB0D8004E32CB /* Resources */ = {
			isa = PBXResourcesBuildPhase;
			buildActionMask = 2147483647;
			files = (
			);
			runOnlyForDeploymentPostprocessing = 0;
		};
		10D9B2582C2BB0D8004E32CB /* Resources */ = {
			isa = PBXResourcesBuildPhase;
			buildActionMask = 2147483647;
			files = (
			);
			runOnlyForDeploymentPostprocessing = 0;
		};
/* End PBXResourcesBuildPhase section */

/* Begin PBXSourcesBuildPhase section */
		10D9B23C2C2BB0D5004E32CB /* Sources */ = {
			isa = PBXSourcesBuildPhase;
			buildActionMask = 2147483647;
			files = (
				10D9B2462C2BB0D5004E32CB /* ContentView.swift in Sources */,
				1079D4542C30B5CC008C47F5 /* Task.swift in Sources */,
				1079D45A2C30BC5A008C47F5 /* NewTaskView.swift in Sources */,
				1079D4582C30B964008C47F5 /* TaskView.swift in Sources */,
				10D9B2442C2BB0D5004E32CB /* todo_appApp.swift in Sources */,
				1079D4562C30B72B008C47F5 /* ListManager.swift in Sources */,
			);
			runOnlyForDeploymentPostprocessing = 0;
		};
		10D9B24C2C2BB0D8004E32CB /* Sources */ = {
			isa = PBXSourcesBuildPhase;
			buildActionMask = 2147483647;
			files = (
				10D9B2552C2BB0D8004E32CB /* todo_appTests.swift in Sources */,
			);
			runOnlyForDeploymentPostprocessing = 0;
		};
		10D9B2562C2BB0D8004E32CB /* Sources */ = {
			isa = PBXSourcesBuildPhase;
			buildActionMask = 2147483647;
			files = (
				10D9B2612C2BB0D8004E32CB /* todo_appUITestsLaunchTests.swift in Sources */,
				10D9B25F2C2BB0D8004E32CB /* todo_appUITests.swift in Sources */,
			);
			runOnlyForDeploymentPostprocessing = 0;
		};
/* End PBXSourcesBuildPhase section */

/* Begin PBXTargetDependency section */
		10D9B2522C2BB0D8004E32CB /* PBXTargetDependency */ = {
			isa = PBXTargetDependency;
			target = 10D9B23F2C2BB0D5004E32CB /* todo_app */;
			targetProxy = 10D9B2512C2BB0D8004E32CB /* PBXContainerItemProxy */;
		};
		10D9B25C2C2BB0D8004E32CB /* PBXTargetDependency */ = {
			isa = PBXTargetDependency;
			target = 10D9B23F2C2BB0D5004E32CB /* todo_app */;
			targetProxy = 10D9B25B2C2BB0D8004E32CB /* PBXContainerItemProxy */;
		};
/* End PBXTargetDependency section */

/* Begin XCBuildConfiguration section */
		10D9B2622C2BB0D8004E32CB /* Debug */ = {
			isa = XCBuildConfiguration;
			buildSettings = {
				ALWAYS_SEARCH_USER_PATHS = NO;
				ASSETCATALOG_COMPILER_GENERATE_SWIFT_ASSET_SYMBOL_EXTENSIONS = YES;
				CLANG_ANALYZER_NONNULL = YES;
				CLANG_ANALYZER_NUMBER_OBJECT_CONVERSION = YES_AGGRESSIVE;
				CLANG_CXX_LANGUAGE_STANDARD = "gnu++20";
				CLANG_ENABLE_MODULES = YES;
				CLANG_ENABLE_OBJC_ARC = YES;
				CLANG_ENABLE_OBJC_WEAK = YES;
				CLANG_WARN_BLOCK_CAPTURE_AUTORELEASING = YES;
				CLANG_WARN_BOOL_CONVERSION = YES;
				CLANG_WARN_COMMA = YES;
				CLANG_WARN_CONSTANT_CONVERSION = YES;
				CLANG_WARN_DEPRECATED_OBJC_IMPLEMENTATIONS = YES;
				CLANG_WARN_DIRECT_OBJC_ISA_USAGE = YES_ERROR;
				CLANG_WARN_DOCUMENTATION_COMMENTS = YES;
				CLANG_WARN_EMPTY_BODY = YES;
				CLANG_WARN_ENUM_CONVERSION = YES;
				CLANG_WARN_INFINITE_RECURSION = YES;
				CLANG_WARN_INT_CONVERSION = YES;
				CLANG_WARN_NON_LITERAL_NULL_CONVERSION = YES;
				CLANG_WARN_OBJC_IMPLICIT_RETAIN_SELF = YES;
				CLANG_WARN_OBJC_LITERAL_CONVERSION = YES;
				CLANG_WARN_OBJC_ROOT_CLASS = YES_ERROR;
				CLANG_WARN_QUOTED_INCLUDE_IN_FRAMEWORK_HEADER = YES;
				CLANG_WARN_RANGE_LOOP_ANALYSIS = YES;
				CLANG_WARN_STRICT_PROTOTYPES = YES;
				CLANG_WARN_SUSPICIOUS_MOVE = YES;
				CLANG_WARN_UNGUARDED_AVAILABILITY = YES_AGGRESSIVE;
				CLANG_WARN_UNREACHABLE_CODE = YES;
				CLANG_WARN__DUPLICATE_METHOD_MATCH = YES;
				COPY_PHASE_STRIP = NO;
				DEBUG_INFORMATION_FORMAT = dwarf;
				ENABLE_STRICT_OBJC_MSGSEND = YES;
				ENABLE_TESTABILITY = YES;
				ENABLE_USER_SCRIPT_SANDBOXING = YES;
				GCC_C_LANGUAGE_STANDARD = gnu17;
				GCC_DYNAMIC_NO_PIC = NO;
				GCC_NO_COMMON_BLOCKS = YES;
				GCC_OPTIMIZATION_LEVEL = 0;
				GCC_PREPROCESSOR_DEFINITIONS = (
					"DEBUG=1",
					"$(inherited)",
				);
				GCC_WARN_64_TO_32_BIT_CONVERSION = YES;
				GCC_WARN_ABOUT_RETURN_TYPE = YES_ERROR;
				GCC_WARN_UNDECLARED_SELECTOR = YES;
				GCC_WARN_UNINITIALIZED_AUTOS = YES_AGGRESSIVE;
				GCC_WARN_UNUSED_FUNCTION = YES;
				GCC_WARN_UNUSED_VARIABLE = YES;
				IPHONEOS_DEPLOYMENT_TARGET = 17.2;
				LOCALIZATION_PREFERS_STRING_CATALOGS = YES;
				MTL_ENABLE_DEBUG_INFO = INCLUDE_SOURCE;
				MTL_FAST_MATH = YES;
				ONLY_ACTIVE_ARCH = YES;
				SDKROOT = iphoneos;
				SWIFT_ACTIVE_COMPILATION_CONDITIONS = "DEBUG $(inherited)";
				SWIFT_OPTIMIZATION_LEVEL = "-Onone";
			};
			name = Debug;
		};
		10D9B2632C2BB0D8004E32CB /* Release */ = {
			isa = XCBuildConfiguration;
			buildSettings = {
				ALWAYS_SEARCH_USER_PATHS = NO;
				ASSETCATALOG_COMPILER_GENERATE_SWIFT_ASSET_SYMBOL_EXTENSIONS = YES;
				CLANG_ANALYZER_NONNULL = YES;
				CLANG_ANALYZER_NUMBER_OBJECT_CONVERSION = YES_AGGRESSIVE;
				CLANG_CXX_LANGUAGE_STANDARD = "gnu++20";
				CLANG_ENABLE_MODULES = YES;
				CLANG_ENABLE_OBJC_ARC = YES;
				CLANG_ENABLE_OBJC_WEAK = YES;
				CLANG_WARN_BLOCK_CAPTURE_AUTORELEASING = YES;
				CLANG_WARN_BOOL_CONVERSION = YES;
				CLANG_WARN_COMMA = YES;
				CLANG_WARN_CONSTANT_CONVERSION = YES;
				CLANG_WARN_DEPRECATED_OBJC_IMPLEMENTATIONS = YES;
				CLANG_WARN_DIRECT_OBJC_ISA_USAGE = YES_ERROR;
				CLANG_WARN_DOCUMENTATION_COMMENTS = YES;
				CLANG_WARN_EMPTY_BODY = YES;
				CLANG_WARN_ENUM_CONVERSION = YES;
				CLANG_WARN_INFINITE_RECURSION = YES;
				CLANG_WARN_INT_CONVERSION = YES;
				CLANG_WARN_NON_LITERAL_NULL_CONVERSION = YES;
				CLANG_WARN_OBJC_IMPLICIT_RETAIN_SELF = YES;
				CLANG_WARN_OBJC_LITERAL_CONVERSION = YES;
				CLANG_WARN_OBJC_ROOT_CLASS = YES_ERROR;
				CLANG_WARN_QUOTED_INCLUDE_IN_FRAMEWORK_HEADER = YES;
				CLANG_WARN_RANGE_LOOP_ANALYSIS = YES;
				CLANG_WARN_STRICT_PROTOTYPES = YES;
				CLANG_WARN_SUSPICIOUS_MOVE = YES;
				CLANG_WARN_UNGUARDED_AVAILABILITY = YES_AGGRESSIVE;
				CLANG_WARN_UNREACHABLE_CODE = YES;
				CLANG_WARN__DUPLICATE_METHOD_MATCH = YES;
				COPY_PHASE_STRIP = NO;
				DEBUG_INFORMATION_FORMAT = "dwarf-with-dsym";
				ENABLE_NS_ASSERTIONS = NO;
				ENABLE_STRICT_OBJC_MSGSEND = YES;
				ENABLE_USER_SCRIPT_SANDBOXING = YES;
				GCC_C_LANGUAGE_STANDARD = gnu17;
				GCC_NO_COMMON_BLOCKS = YES;
				GCC_WARN_64_TO_32_BIT_CONVERSION = YES;
				GCC_WARN_ABOUT_RETURN_TYPE = YES_ERROR;
				GCC_WARN_UNDECLARED_SELECTOR = YES;
				GCC_WARN_UNINITIALIZED_AUTOS = YES_AGGRESSIVE;
				GCC_WARN_UNUSED_FUNCTION = YES;
				GCC_WARN_UNUSED_VARIABLE = YES;
				IPHONEOS_DEPLOYMENT_TARGET = 17.2;
				LOCALIZATION_PREFERS_STRING_CATALOGS = YES;
				MTL_ENABLE_DEBUG_INFO = NO;
				MTL_FAST_MATH = YES;
				SDKROOT = iphoneos;
				SWIFT_COMPILATION_MODE = wholemodule;
				VALIDATE_PRODUCT = YES;
			};
			name = Release;
		};
		10D9B2652C2BB0D8004E32CB /* Debug */ = {
			isa = XCBuildConfiguration;
			buildSettings = {
				ASSETCATALOG_COMPILER_APPICON_NAME = AppIcon;
				ASSETCATALOG_COMPILER_GLOBAL_ACCENT_COLOR_NAME = AccentColor;
				CODE_SIGN_STYLE = Automatic;
				CURRENT_PROJECT_VERSION = 1;
				DEVELOPMENT_ASSET_PATHS = "\"todo_app/Preview Content\"";
				DEVELOPMENT_TEAM = QPRT45B75K;
				ENABLE_PREVIEWS = YES;
				GENERATE_INFOPLIST_FILE = YES;
				INFOPLIST_KEY_UIApplicationSceneManifest_Generation = YES;
				INFOPLIST_KEY_UIApplicationSupportsIndirectInputEvents = YES;
				INFOPLIST_KEY_UILaunchScreen_Generation = YES;
				INFOPLIST_KEY_UISupportedInterfaceOrientations_iPad = "UIInterfaceOrientationPortrait UIInterfaceOrientationPortraitUpsideDown UIInterfaceOrientationLandscapeLeft UIInterfaceOrientationLandscapeRight";
				INFOPLIST_KEY_UISupportedInterfaceOrientations_iPhone = "UIInterfaceOrientationPortrait UIInterfaceOrientationLandscapeLeft UIInterfaceOrientationLandscapeRight";
				LD_RUNPATH_SEARCH_PATHS = (
					"$(inherited)",
					"@executable_path/Frameworks",
				);
				MARKETING_VERSION = 1.0;
				PRODUCT_BUNDLE_IDENTIFIER = "pranavramachandra.todo-app";
				PRODUCT_NAME = "$(TARGET_NAME)";
				SWIFT_EMIT_LOC_STRINGS = YES;
				SWIFT_VERSION = 5.0;
				TARGETED_DEVICE_FAMILY = "1,2";
			};
			name = Debug;
		};
		10D9B2662C2BB0D8004E32CB /* Release */ = {
			isa = XCBuildConfiguration;
			buildSettings = {
				ASSETCATALOG_COMPILER_APPICON_NAME = AppIcon;
				ASSETCATALOG_COMPILER_GLOBAL_ACCENT_COLOR_NAME = AccentColor;
				CODE_SIGN_STYLE = Automatic;
				CURRENT_PROJECT_VERSION = 1;
				DEVELOPMENT_ASSET_PATHS = "\"todo_app/Preview Content\"";
				DEVELOPMENT_TEAM = QPRT45B75K;
				ENABLE_PREVIEWS = YES;
				GENERATE_INFOPLIST_FILE = YES;
				INFOPLIST_KEY_UIApplicationSceneManifest_Generation = YES;
				INFOPLIST_KEY_UIApplicationSupportsIndirectInputEvents = YES;
				INFOPLIST_KEY_UILaunchScreen_Generation = YES;
				INFOPLIST_KEY_UISupportedInterfaceOrientations_iPad = "UIInterfaceOrientationPortrait UIInterfaceOrientationPortraitUpsideDown UIInterfaceOrientationLandscapeLeft UIInterfaceOrientationLandscapeRight";
				INFOPLIST_KEY_UISupportedInterfaceOrientations_iPhone = "UIInterfaceOrientationPortrait UIInterfaceOrientationLandscapeLeft UIInterfaceOrientationLandscapeRight";
				LD_RUNPATH_SEARCH_PATHS = (
					"$(inherited)",
					"@executable_path/Frameworks",
				);
				MARKETING_VERSION = 1.0;
				PRODUCT_BUNDLE_IDENTIFIER = "pranavramachandra.todo-app";
				PRODUCT_NAME = "$(TARGET_NAME)";
				SWIFT_EMIT_LOC_STRINGS = YES;
				SWIFT_VERSION = 5.0;
				TARGETED_DEVICE_FAMILY = "1,2";
			};
			name = Release;
		};
		10D9B2682C2BB0D8004E32CB /* Debug */ = {
			isa = XCBuildConfiguration;
			buildSettings = {
				ALWAYS_EMBED_SWIFT_STANDARD_LIBRARIES = YES;
				BUNDLE_LOADER = "$(TEST_HOST)";
				CODE_SIGN_STYLE = Automatic;
				CURRENT_PROJECT_VERSION = 1;
				GENERATE_INFOPLIST_FILE = YES;
				IPHONEOS_DEPLOYMENT_TARGET = 17.2;
				MARKETING_VERSION = 1.0;
				PRODUCT_BUNDLE_IDENTIFIER = "pranavramachandra.todo-appTests";
				PRODUCT_NAME = "$(TARGET_NAME)";
				SWIFT_EMIT_LOC_STRINGS = NO;
				SWIFT_VERSION = 5.0;
				TARGETED_DEVICE_FAMILY = "1,2";
				TEST_HOST = "$(BUILT_PRODUCTS_DIR)/todo_app.app/$(BUNDLE_EXECUTABLE_FOLDER_PATH)/todo_app";
			};
			name = Debug;
		};
		10D9B2692C2BB0D8004E32CB /* Release */ = {
			isa = XCBuildConfiguration;
			buildSettings = {
				ALWAYS_EMBED_SWIFT_STANDARD_LIBRARIES = YES;
				BUNDLE_LOADER = "$(TEST_HOST)";
				CODE_SIGN_STYLE = Automatic;
				CURRENT_PROJECT_VERSION = 1;
				GENERATE_INFOPLIST_FILE = YES;
				IPHONEOS_DEPLOYMENT_TARGET = 17.2;
				MARKETING_VERSION = 1.0;
				PRODUCT_BUNDLE_IDENTIFIER = "pranavramachandra.todo-appTests";
				PRODUCT_NAME = "$(TARGET_NAME)";
				SWIFT_EMIT_LOC_STRINGS = NO;
				SWIFT_VERSION = 5.0;
				TARGETED_DEVICE_FAMILY = "1,2";
				TEST_HOST = "$(BUILT_PRODUCTS_DIR)/todo_app.app/$(BUNDLE_EXECUTABLE_FOLDER_PATH)/todo_app";
			};
			name = Release;
		};
		10D9B26B2C2BB0D8004E32CB /* Debug */ = {
			isa = XCBuildConfiguration;
			buildSettings = {
				ALWAYS_EMBED_SWIFT_STANDARD_LIBRARIES = YES;
				CODE_SIGN_STYLE = Automatic;
				CURRENT_PROJECT_VERSION = 1;
				GENERATE_INFOPLIST_FILE = YES;
				MARKETING_VERSION = 1.0;
				PRODUCT_BUNDLE_IDENTIFIER = "pranavramachandra.todo-appUITests";
				PRODUCT_NAME = "$(TARGET_NAME)";
				SWIFT_EMIT_LOC_STRINGS = NO;
				SWIFT_VERSION = 5.0;
				TARGETED_DEVICE_FAMILY = "1,2";
				TEST_TARGET_NAME = todo_app;
			};
			name = Debug;
		};
		10D9B26C2C2BB0D8004E32CB /* Release */ = {
			isa = XCBuildConfiguration;
			buildSettings = {
				ALWAYS_EMBED_SWIFT_STANDARD_LIBRARIES = YES;
				CODE_SIGN_STYLE = Automatic;
				CURRENT_PROJECT_VERSION = 1;
				GENERATE_INFOPLIST_FILE = YES;
				MARKETING_VERSION = 1.0;
				PRODUCT_BUNDLE_IDENTIFIER = "pranavramachandra.todo-appUITests";
				PRODUCT_NAME = "$(TARGET_NAME)";
				SWIFT_EMIT_LOC_STRINGS = NO;
				SWIFT_VERSION = 5.0;
				TARGETED_DEVICE_FAMILY = "1,2";
				TEST_TARGET_NAME = todo_app;
			};
			name = Release;
		};
/* End XCBuildConfiguration section */

/* Begin XCConfigurationList section */
		10D9B23B2C2BB0D5004E32CB /* Build configuration list for PBXProject "todo_app" */ = {
			isa = XCConfigurationList;
			buildConfigurations = (
				10D9B2622C2BB0D8004E32CB /* Debug */,
				10D9B2632C2BB0D8004E32CB /* Release */,
			);
			defaultConfigurationIsVisible = 0;
			defaultConfigurationName = Release;
		};
		10D9B2642C2BB0D8004E32CB /* Build configuration list for PBXNativeTarget "todo_app" */ = {
			isa = XCConfigurationList;
			buildConfigurations = (
				10D9B2652C2BB0D8004E32CB /* Debug */,
				10D9B2662C2BB0D8004E32CB /* Release */,
			);
			defaultConfigurationIsVisible = 0;
			defaultConfigurationName = Release;
		};
		10D9B2672C2BB0D8004E32CB /* Build configuration list for PBXNativeTarget "todo_appTests" */ = {
			isa = XCConfigurationList;
			buildConfigurations = (
				10D9B2682C2BB0D8004E32CB /* Debug */,
				10D9B2692C2BB0D8004E32CB /* Release */,
			);
			defaultConfigurationIsVisible = 0;
			defaultConfigurationName = Release;
		};
		10D9B26A2C2BB0D8004E32CB /* Build configuration list for PBXNativeTarget "todo_appUITests" */ = {
			isa = XCConfigurationList;
			buildConfigurations = (
				10D9B26B2C2BB0D8004E32CB /* Debug */,
				10D9B26C2C2BB0D8004E32CB /* Release */,
			);
			defaultConfigurationIsVisible = 0;
			defaultConfigurationName = Release;
		};
/* End XCConfigurationList section */
	};
	rootObject = 10D9B2382C2BB0D5004E32CB /* Project object */;
}
